
Microsoft Visual Studio Solution File, Format Version 12.00
# Visual Studio Version 16
VisualStudioVersion = 16.0.29519.181
MinimumVisualStudioVersion = 10.0.40219.1
Project("{FAE04EC0-301F-11D3-BF4B-00C04F79EFBC}") = "TelerikMvcApp1", "TelerikMvcApp1\TelerikMvcApp1.csproj", "{1D4BBCEF-59C3-4C4A-8F00-32CD9947DE80}"
EndProject
Global
	GlobalSection(SolutionConfigurationPlatforms) = preSolution
		Debug|Any CPU = Debug|Any CPU
		Release|Any CPU = Release|Any CPU
	EndGlobalSection
	GlobalSection(ProjectConfigurationPlatforms) = postSolution
		{1D4BBCEF-59C3-4C4A-8F00-32CD9947DE80}.Debug|Any CPU.ActiveCfg = Debug|Any CPU
		{1D4BBCEF-59C3-4C4A-8F00-32CD9947DE80}.Debug|Any CPU.Build.0 = Debug|Any CPU
		{1D4BBCEF-59C3-4C4A-8F00-32CD9947DE80}.Release|Any CPU.ActiveCfg = Release|Any CPU
		{1D4BBCEF-59C3-4C4A-8F00-32CD9947DE80}.Release|Any CPU.Build.0 = Release|Any CPU
	EndGlobalSection
	GlobalSection(SolutionProperties) = preSolution
		HideSolutionNode = FALSE
	EndGlobalSection
	GlobalSection(ExtensibilityGlobals) = postSolution
		SolutionGuid = {29DB294C-BFD3-4EC9-9B72-F46FA5655E63}
	EndGlobalSection
EndGlobal
